
Microsoft Visual Studio Solution File, Format Version 12.00
# Visual Studio Version 16
VisualStudioVersion = 16.0.30611.23
MinimumVisualStudioVersion = 10.0.40219.1
Project("{00D1A9C2-B5F0-4AF3-8072-F6C62B433612}") = "DataBase", "DataBase\DataBase.sqlproj", "{A25392C4-3E93-4226-851E-C20F87C00E30}"
EndProject
Project("{FAE04EC0-301F-11D3-BF4B-00C04F79EFBC}") = "SitoWeb", "SitoWeb\SitoWeb.csproj", "{D8576F10-6234-4496-A186-C699C13313BB}"
EndProject
Global
	GlobalSection(SolutionConfigurationPlatforms) = preSolution
		Debug|Any CPU = Debug|Any CPU
		Release|Any CPU = Release|Any CPU
	EndGlobalSection
	GlobalSection(ProjectConfigurationPlatforms) = postSolution
		{A25392C4-3E93-4226-851E-C20F87C00E30}.Debug|Any CPU.ActiveCfg = Debug|Any CPU
		{A25392C4-3E93-4226-851E-C20F87C00E30}.Debug|Any CPU.Build.0 = Debug|Any CPU
		{A25392C4-3E93-4226-851E-C20F87C00E30}.Debug|Any CPU.Deploy.0 = Debug|Any CPU
		{A25392C4-3E93-4226-851E-C20F87C00E30}.Release|Any CPU.ActiveCfg = Release|Any CPU
		{A25392C4-3E93-4226-851E-C20F87C00E30}.Release|Any CPU.Build.0 = Release|Any CPU
		{A25392C4-3E93-4226-851E-C20F87C00E30}.Release|Any CPU.Deploy.0 = Release|Any CPU
		{D8576F10-6234-4496-A186-C699C13313BB}.Debug|Any CPU.ActiveCfg = Debug|Any CPU
		{D8576F10-6234-4496-A186-C699C13313BB}.Debug|Any CPU.Build.0 = Debug|Any CPU
		{D8576F10-6234-4496-A186-C699C13313BB}.Release|Any CPU.ActiveCfg = Release|Any CPU
		{D8576F10-6234-4496-A186-C699C13313BB}.Release|Any CPU.Build.0 = Release|Any CPU
	EndGlobalSection
	GlobalSection(SolutionProperties) = preSolution
		HideSolutionNode = FALSE
	EndGlobalSection
	GlobalSection(ExtensibilityGlobals) = postSolution
		SolutionGuid = {0E8837F8-3B5B-451D-AA70-5B2B390842C2}
	EndGlobalSection
EndGlobal
